// !$*UTF8*$!
{
	archiveVersion = 1;
	classes = {
	};
	objectVersion = 60;
	objects = {

/* Begin PBXBuildFile section */
		FF356CD22B81F4B900FA3EA1 /* Localizable.xcstrings in Resources */ = {isa = PBXBuildFile; fileRef = FF356CD12B81F4B900FA3EA1 /* Localizable.xcstrings */; };
		FF4A86202B83E01900E82D8D /* Double+percentageString.swift in Sources */ = {isa = PBXBuildFile; fileRef = FF4A861F2B83E01900E82D8D /* Double+percentageString.swift */; };
		FF4A86222B83E03F00E82D8D /* OutputCatalog.swift in Sources */ = {isa = PBXBuildFile; fileRef = FF4A86212B83E03F00E82D8D /* OutputCatalog.swift */; };
		FF4A86242B83E0BD00E82D8D /* Result+SwiftUI.swift in Sources */ = {isa = PBXBuildFile; fileRef = FF4A86232B83E0BD00E82D8D /* Result+SwiftUI.swift */; };
		FF4A86262B84372B00E82D8D /* Result+Async.swift in Sources */ = {isa = PBXBuildFile; fileRef = FF4A86252B84372B00E82D8D /* Result+Async.swift */; };
		FF68F49D2B81C0D4004E8383 /* MergerInput.swift in Sources */ = {isa = PBXBuildFile; fileRef = FF68F49C2B81C0D3004E8383 /* MergerInput.swift */; };
		FF68F49F2B81C135004E8383 /* UTType+mergerDocument.swift in Sources */ = {isa = PBXBuildFile; fileRef = FF68F49E2B81C135004E8383 /* UTType+mergerDocument.swift */; };
		FF68F4A12B81C395004E8383 /* MergerDocument.swift in Sources */ = {isa = PBXBuildFile; fileRef = FF68F4A02B81C395004E8383 /* MergerDocument.swift */; };
		FFDABFCA2B81222100E61DCB /* XcStringMergerUIApp.swift in Sources */ = {isa = PBXBuildFile; fileRef = FFDABFC92B81222100E61DCB /* XcStringMergerUIApp.swift */; };
		FFDABFCC2B81222100E61DCB /* ContentView.swift in Sources */ = {isa = PBXBuildFile; fileRef = FFDABFCB2B81222100E61DCB /* ContentView.swift */; };
		FFDABFCE2B81222400E61DCB /* Assets.xcassets in Resources */ = {isa = PBXBuildFile; fileRef = FFDABFCD2B81222400E61DCB /* Assets.xcassets */; };
		FFDABFD22B81222400E61DCB /* Preview Assets.xcassets in Resources */ = {isa = PBXBuildFile; fileRef = FFDABFD12B81222400E61DCB /* Preview Assets.xcassets */; };
		FFDABFDE2B8122B100E61DCB /* XcStringMerger in Frameworks */ = {isa = PBXBuildFile; productRef = FFDABFDD2B8122B100E61DCB /* XcStringMerger */; };
		FFDABFE12B81282B00E61DCB /* SwiftUIIntrospect in Frameworks */ = {isa = PBXBuildFile; productRef = FFDABFE02B81282B00E61DCB /* SwiftUIIntrospect */; };
		FFDABFE32B8128B000E61DCB /* CodeEditor.swift in Sources */ = {isa = PBXBuildFile; fileRef = FFDABFE22B8128B000E61DCB /* CodeEditor.swift */; };
/* End PBXBuildFile section */

/* Begin PBXFileReference section */
		FF356CD12B81F4B900FA3EA1 /* Localizable.xcstrings */ = {isa = PBXFileReference; lastKnownFileType = text.json.xcstrings; path = Localizable.xcstrings; sourceTree = "<group>"; };
		FF4A861F2B83E01900E82D8D /* Double+percentageString.swift */ = {isa = PBXFileReference; lastKnownFileType = sourcecode.swift; path = "Double+percentageString.swift"; sourceTree = "<group>"; };
		FF4A86212B83E03F00E82D8D /* OutputCatalog.swift */ = {isa = PBXFileReference; lastKnownFileType = sourcecode.swift; path = OutputCatalog.swift; sourceTree = "<group>"; };
		FF4A86232B83E0BD00E82D8D /* Result+SwiftUI.swift */ = {isa = PBXFileReference; lastKnownFileType = sourcecode.swift; path = "Result+SwiftUI.swift"; sourceTree = "<group>"; };
		FF4A86252B84372B00E82D8D /* Result+Async.swift */ = {isa = PBXFileReference; lastKnownFileType = sourcecode.swift; path = "Result+Async.swift"; sourceTree = "<group>"; };
		FF68F49C2B81C0D3004E8383 /* MergerInput.swift */ = {isa = PBXFileReference; lastKnownFileType = sourcecode.swift; path = MergerInput.swift; sourceTree = "<group>"; };
		FF68F49E2B81C135004E8383 /* UTType+mergerDocument.swift */ = {isa = PBXFileReference; lastKnownFileType = sourcecode.swift; path = "UTType+mergerDocument.swift"; sourceTree = "<group>"; };
		FF68F4A02B81C395004E8383 /* MergerDocument.swift */ = {isa = PBXFileReference; lastKnownFileType = sourcecode.swift; path = MergerDocument.swift; sourceTree = "<group>"; };
		FF68F4A22B81C737004E8383 /* Info.plist */ = {isa = PBXFileReference; lastKnownFileType = text.plist; path = Info.plist; sourceTree = "<group>"; };
		FFDABFC62B81222100E61DCB /* String Catalog Merger.app */ = {isa = PBXFileReference; explicitFileType = wrapper.application; includeInIndex = 0; path = "String Catalog Merger.app"; sourceTree = BUILT_PRODUCTS_DIR; };
		FFDABFC92B81222100E61DCB /* XcStringMergerUIApp.swift */ = {isa = PBXFileReference; lastKnownFileType = sourcecode.swift; path = XcStringMergerUIApp.swift; sourceTree = "<group>"; };
		FFDABFCB2B81222100E61DCB /* ContentView.swift */ = {isa = PBXFileReference; lastKnownFileType = sourcecode.swift; path = ContentView.swift; sourceTree = "<group>"; };
		FFDABFCD2B81222400E61DCB /* Assets.xcassets */ = {isa = PBXFileReference; lastKnownFileType = folder.assetcatalog; path = Assets.xcassets; sourceTree = "<group>"; };
		FFDABFCF2B81222400E61DCB /* XcStringMergerUI.entitlements */ = {isa = PBXFileReference; lastKnownFileType = text.plist.entitlements; path = XcStringMergerUI.entitlements; sourceTree = "<group>"; };
		FFDABFD12B81222400E61DCB /* Preview Assets.xcassets */ = {isa = PBXFileReference; lastKnownFileType = folder.assetcatalog; path = "Preview Assets.xcassets"; sourceTree = "<group>"; };
		FFDABFE22B8128B000E61DCB /* CodeEditor.swift */ = {isa = PBXFileReference; lastKnownFileType = sourcecode.swift; path = CodeEditor.swift; sourceTree = "<group>"; };
/* End PBXFileReference section */

/* Begin PBXFrameworksBuildPhase section */
		FFDABFC32B81222100E61DCB /* Frameworks */ = {
			isa = PBXFrameworksBuildPhase;
			buildActionMask = 2147483647;
			files = (
				FFDABFDE2B8122B100E61DCB /* XcStringMerger in Frameworks */,
				FFDABFE12B81282B00E61DCB /* SwiftUIIntrospect in Frameworks */,
			);
			runOnlyForDeploymentPostprocessing = 0;
		};
/* End PBXFrameworksBuildPhase section */

/* Begin PBXGroup section */
		FF68F49B2B81C079004E8383 /* XcStringMergerFormat */ = {
			isa = PBXGroup;
			children = (
				FF68F49C2B81C0D3004E8383 /* MergerInput.swift */,
				FF68F4A02B81C395004E8383 /* MergerDocument.swift */,
				FF68F49E2B81C135004E8383 /* UTType+mergerDocument.swift */,
			);
			path = XcStringMergerFormat;
			sourceTree = "<group>";
		};
		FFDABFBD2B81222100E61DCB = {
			isa = PBXGroup;
			children = (
				FF68F49B2B81C079004E8383 /* XcStringMergerFormat */,
				FFDABFC82B81222100E61DCB /* XcStringMergerUI */,
				FFDABFC72B81222100E61DCB /* Products */,
			);
			sourceTree = "<group>";
		};
		FFDABFC72B81222100E61DCB /* Products */ = {
			isa = PBXGroup;
			children = (
				FFDABFC62B81222100E61DCB /* String Catalog Merger.app */,
			);
			name = Products;
			sourceTree = "<group>";
		};
		FFDABFC82B81222100E61DCB /* XcStringMergerUI */ = {
			isa = PBXGroup;
			children = (
				FF68F4A22B81C737004E8383 /* Info.plist */,
				FFDABFC92B81222100E61DCB /* XcStringMergerUIApp.swift */,
				FFDABFE22B8128B000E61DCB /* CodeEditor.swift */,
				FFDABFCB2B81222100E61DCB /* ContentView.swift */,
				FF4A861F2B83E01900E82D8D /* Double+percentageString.swift */,
				FF4A86212B83E03F00E82D8D /* OutputCatalog.swift */,
				FF4A86252B84372B00E82D8D /* Result+Async.swift */,
				FF4A86232B83E0BD00E82D8D /* Result+SwiftUI.swift */,
				FFDABFCD2B81222400E61DCB /* Assets.xcassets */,
				FFDABFCF2B81222400E61DCB /* XcStringMergerUI.entitlements */,
				FFDABFD02B81222400E61DCB /* Preview Content */,
				FF356CD12B81F4B900FA3EA1 /* Localizable.xcstrings */,
			);
			path = XcStringMergerUI;
			sourceTree = "<group>";
		};
		FFDABFD02B81222400E61DCB /* Preview Content */ = {
			isa = PBXGroup;
			children = (
				FFDABFD12B81222400E61DCB /* Preview Assets.xcassets */,
			);
			path = "Preview Content";
			sourceTree = "<group>";
		};
/* End PBXGroup section */

/* Begin PBXNativeTarget section */
		FFDABFC52B81222100E61DCB /* XcStringMergerUI */ = {
			isa = PBXNativeTarget;
			buildConfigurationList = FFDABFD52B81222400E61DCB /* Build configuration list for PBXNativeTarget "XcStringMergerUI" */;
			buildPhases = (
				FFDABFC22B81222100E61DCB /* Sources */,
				FFDABFC32B81222100E61DCB /* Frameworks */,
				FFDABFC42B81222100E61DCB /* Resources */,
			);
			buildRules = (
			);
			dependencies = (
			);
			name = XcStringMergerUI;
			packageProductDependencies = (
				FFDABFDD2B8122B100E61DCB /* XcStringMerger */,
				FFDABFE02B81282B00E61DCB /* SwiftUIIntrospect */,
			);
			productName = XcStringMergerUI;
			productReference = FFDABFC62B81222100E61DCB /* String Catalog Merger.app */;
			productType = "com.apple.product-type.application";
		};
/* End PBXNativeTarget section */

/* Begin PBXProject section */
		FFDABFBE2B81222100E61DCB /* Project object */ = {
			isa = PBXProject;
			attributes = {
				BuildIndependentTargetsInParallel = 1;
				LastSwiftUpdateCheck = 1520;
				LastUpgradeCheck = 1520;
				TargetAttributes = {
					FFDABFC52B81222100E61DCB = {
						CreatedOnToolsVersion = 15.2;
					};
				};
			};
			buildConfigurationList = FFDABFC12B81222100E61DCB /* Build configuration list for PBXProject "XcStringMergerUI" */;
			compatibilityVersion = "Xcode 14.0";
			developmentRegion = en;
			hasScannedForEncodings = 0;
			knownRegions = (
				en,
				Base,
				"zh-Hant",
			);
			mainGroup = FFDABFBD2B81222100E61DCB;
			packageReferences = (
				FFDABFDA2B81227400E61DCB /* XCLocalSwiftPackageReference "../XcStringMerger" */,
				FFDABFDF2B81282B00E61DCB /* XCRemoteSwiftPackageReference "SwiftUI-Introspect" */,
			);
			productRefGroup = FFDABFC72B81222100E61DCB /* Products */;
			projectDirPath = "";
			projectRoot = "";
			targets = (
				FFDABFC52B81222100E61DCB /* XcStringMergerUI */,
			);
		};
/* End PBXProject section */

/* Begin PBXResourcesBuildPhase section */
		FFDABFC42B81222100E61DCB /* Resources */ = {
			isa = PBXResourcesBuildPhase;
			buildActionMask = 2147483647;
			files = (
				FFDABFD22B81222400E61DCB /* Preview Assets.xcassets in Resources */,
				FFDABFCE2B81222400E61DCB /* Assets.xcassets in Resources */,
				FF356CD22B81F4B900FA3EA1 /* Localizable.xcstrings in Resources */,
			);
			runOnlyForDeploymentPostprocessing = 0;
		};
/* End PBXResourcesBuildPhase section */

/* Begin PBXSourcesBuildPhase section */
		FFDABFC22B81222100E61DCB /* Sources */ = {
			isa = PBXSourcesBuildPhase;
			buildActionMask = 2147483647;
			files = (
				FFDABFE32B8128B000E61DCB /* CodeEditor.swift in Sources */,
				FFDABFCC2B81222100E61DCB /* ContentView.swift in Sources */,
				FF4A86222B83E03F00E82D8D /* OutputCatalog.swift in Sources */,
				FF68F4A12B81C395004E8383 /* MergerDocument.swift in Sources */,
				FF68F49F2B81C135004E8383 /* UTType+mergerDocument.swift in Sources */,
				FF4A86202B83E01900E82D8D /* Double+percentageString.swift in Sources */,
				FF68F49D2B81C0D4004E8383 /* MergerInput.swift in Sources */,
				FF4A86262B84372B00E82D8D /* Result+Async.swift in Sources */,
				FFDABFCA2B81222100E61DCB /* XcStringMergerUIApp.swift in Sources */,
				FF4A86242B83E0BD00E82D8D /* Result+SwiftUI.swift in Sources */,
			);
			runOnlyForDeploymentPostprocessing = 0;
		};
/* End PBXSourcesBuildPhase section */

/* Begin XCBuildConfiguration section */
		FFDABFD32B81222400E61DCB /* Debug */ = {
			isa = XCBuildConfiguration;
			buildSettings = {
				ALWAYS_SEARCH_USER_PATHS = NO;
				ASSETCATALOG_COMPILER_GENERATE_SWIFT_ASSET_SYMBOL_EXTENSIONS = YES;
				CLANG_ANALYZER_GCD_PERFORMANCE = YES;
				CLANG_ANALYZER_NONNULL = YES;
				CLANG_ANALYZER_NUMBER_OBJECT_CONVERSION = YES_AGGRESSIVE;
				CLANG_CXX_LANGUAGE_STANDARD = "gnu++20";
				CLANG_ENABLE_MODULES = YES;
				CLANG_ENABLE_OBJC_ARC = YES;
				CLANG_ENABLE_OBJC_WEAK = YES;
				CLANG_TIDY_BUGPRONE_REDUNDANT_BRANCH_CONDITION = YES;
				CLANG_TIDY_MISC_REDUNDANT_EXPRESSION = YES;
				CLANG_WARN_BLOCK_CAPTURE_AUTORELEASING = YES;
				CLANG_WARN_BOOL_CONVERSION = YES;
				CLANG_WARN_COMMA = YES;
				CLANG_WARN_CONSTANT_CONVERSION = YES;
				CLANG_WARN_DEPRECATED_OBJC_IMPLEMENTATIONS = YES;
				CLANG_WARN_DIRECT_OBJC_ISA_USAGE = YES_ERROR;
				CLANG_WARN_DOCUMENTATION_COMMENTS = YES;
				CLANG_WARN_EMPTY_BODY = YES;
				CLANG_WARN_ENUM_CONVERSION = YES;
				CLANG_WARN_INFINITE_RECURSION = YES;
				CLANG_WARN_INT_CONVERSION = YES;
				CLANG_WARN_NON_LITERAL_NULL_CONVERSION = YES;
				CLANG_WARN_OBJC_IMPLICIT_RETAIN_SELF = YES;
				CLANG_WARN_OBJC_LITERAL_CONVERSION = YES;
				CLANG_WARN_OBJC_ROOT_CLASS = YES_ERROR;
				CLANG_WARN_QUOTED_INCLUDE_IN_FRAMEWORK_HEADER = YES;
				CLANG_WARN_RANGE_LOOP_ANALYSIS = YES;
				CLANG_WARN_STRICT_PROTOTYPES = YES;
				CLANG_WARN_SUSPICIOUS_MOVE = YES;
				CLANG_WARN_UNGUARDED_AVAILABILITY = YES_AGGRESSIVE;
				CLANG_WARN_UNREACHABLE_CODE = YES;
				CLANG_WARN__DUPLICATE_METHOD_MATCH = YES;
				COPY_PHASE_STRIP = NO;
				DEBUG_INFORMATION_FORMAT = dwarf;
				ENABLE_STRICT_OBJC_MSGSEND = YES;
				ENABLE_TESTABILITY = YES;
				ENABLE_USER_SCRIPT_SANDBOXING = YES;
				GCC_C_LANGUAGE_STANDARD = gnu17;
				GCC_DYNAMIC_NO_PIC = NO;
				GCC_NO_COMMON_BLOCKS = YES;
				GCC_OPTIMIZATION_LEVEL = 0;
				GCC_PREPROCESSOR_DEFINITIONS = (
					"DEBUG=1",
					"$(inherited)",
				);
				GCC_WARN_64_TO_32_BIT_CONVERSION = YES;
				GCC_WARN_ABOUT_RETURN_TYPE = YES_ERROR;
				GCC_WARN_UNDECLARED_SELECTOR = YES;
				GCC_WARN_UNINITIALIZED_AUTOS = YES_AGGRESSIVE;
				GCC_WARN_UNUSED_FUNCTION = YES;
				GCC_WARN_UNUSED_VARIABLE = YES;
				LOCALIZATION_PREFERS_STRING_CATALOGS = YES;
				MTL_ENABLE_DEBUG_INFO = INCLUDE_SOURCE;
				MTL_FAST_MATH = YES;
				ONLY_ACTIVE_ARCH = YES;
				SWIFT_ACTIVE_COMPILATION_CONDITIONS = "DEBUG $(inherited)";
				SWIFT_OPTIMIZATION_LEVEL = "-Onone";
				SWIFT_STRICT_CONCURRENCY = complete;
				SWIFT_VERSION = 5.0;
			};
			name = Debug;
		};
		FFDABFD42B81222400E61DCB /* Release */ = {
			isa = XCBuildConfiguration;
			buildSettings = {
				ALWAYS_SEARCH_USER_PATHS = NO;
				ASSETCATALOG_COMPILER_GENERATE_SWIFT_ASSET_SYMBOL_EXTENSIONS = YES;
				CLANG_ANALYZER_GCD_PERFORMANCE = YES;
				CLANG_ANALYZER_NONNULL = YES;
				CLANG_ANALYZER_NUMBER_OBJECT_CONVERSION = YES_AGGRESSIVE;
				CLANG_CXX_LANGUAGE_STANDARD = "gnu++20";
				CLANG_ENABLE_MODULES = YES;
				CLANG_ENABLE_OBJC_ARC = YES;
				CLANG_ENABLE_OBJC_WEAK = YES;
				CLANG_TIDY_BUGPRONE_REDUNDANT_BRANCH_CONDITION = YES;
				CLANG_TIDY_MISC_REDUNDANT_EXPRESSION = YES;
				CLANG_WARN_BLOCK_CAPTURE_AUTORELEASING = YES;
				CLANG_WARN_BOOL_CONVERSION = YES;
				CLANG_WARN_COMMA = YES;
				CLANG_WARN_CONSTANT_CONVERSION = YES;
				CLANG_WARN_DEPRECATED_OBJC_IMPLEMENTATIONS = YES;
				CLANG_WARN_DIRECT_OBJC_ISA_USAGE = YES_ERROR;
				CLANG_WARN_DOCUMENTATION_COMMENTS = YES;
				CLANG_WARN_EMPTY_BODY = YES;
				CLANG_WARN_ENUM_CONVERSION = YES;
				CLANG_WARN_INFINITE_RECURSION = YES;
				CLANG_WARN_INT_CONVERSION = YES;
				CLANG_WARN_NON_LITERAL_NULL_CONVERSION = YES;
				CLANG_WARN_OBJC_IMPLICIT_RETAIN_SELF = YES;
				CLANG_WARN_OBJC_LITERAL_CONVERSION = YES;
				CLANG_WARN_OBJC_ROOT_CLASS = YES_ERROR;
				CLANG_WARN_QUOTED_INCLUDE_IN_FRAMEWORK_HEADER = YES;
				CLANG_WARN_RANGE_LOOP_ANALYSIS = YES;
				CLANG_WARN_STRICT_PROTOTYPES = YES;
				CLANG_WARN_SUSPICIOUS_MOVE = YES;
				CLANG_WARN_UNGUARDED_AVAILABILITY = YES_AGGRESSIVE;
				CLANG_WARN_UNREACHABLE_CODE = YES;
				CLANG_WARN__DUPLICATE_METHOD_MATCH = YES;
				COPY_PHASE_STRIP = NO;
				DEBUG_INFORMATION_FORMAT = "dwarf-with-dsym";
				ENABLE_NS_ASSERTIONS = NO;
				ENABLE_STRICT_OBJC_MSGSEND = YES;
				ENABLE_USER_SCRIPT_SANDBOXING = YES;
				GCC_C_LANGUAGE_STANDARD = gnu17;
				GCC_NO_COMMON_BLOCKS = YES;
				GCC_WARN_64_TO_32_BIT_CONVERSION = YES;
				GCC_WARN_ABOUT_RETURN_TYPE = YES_ERROR;
				GCC_WARN_UNDECLARED_SELECTOR = YES;
				GCC_WARN_UNINITIALIZED_AUTOS = YES_AGGRESSIVE;
				GCC_WARN_UNUSED_FUNCTION = YES;
				GCC_WARN_UNUSED_VARIABLE = YES;
				LOCALIZATION_PREFERS_STRING_CATALOGS = YES;
				MTL_ENABLE_DEBUG_INFO = NO;
				MTL_FAST_MATH = YES;
				SWIFT_COMPILATION_MODE = wholemodule;
				SWIFT_STRICT_CONCURRENCY = complete;
				SWIFT_VERSION = 5.0;
			};
			name = Release;
		};
		FFDABFD62B81222400E61DCB /* Debug */ = {
			isa = XCBuildConfiguration;
			buildSettings = {
				ASSETCATALOG_COMPILER_APPICON_NAME = AppIcon;
				ASSETCATALOG_COMPILER_GLOBAL_ACCENT_COLOR_NAME = AccentColor;
				CODE_SIGN_ENTITLEMENTS = XcStringMergerUI/XcStringMergerUI.entitlements;
				CODE_SIGN_STYLE = Automatic;
				CURRENT_PROJECT_VERSION = 1;
				DEVELOPMENT_ASSET_PATHS = "\"XcStringMergerUI/Preview Content\"";
				DEVELOPMENT_TEAM = "";
				ENABLE_HARDENED_RUNTIME = YES;
				ENABLE_PREVIEWS = YES;
				GENERATE_INFOPLIST_FILE = YES;
				INFOPLIST_FILE = XcStringMergerUI/Info.plist;
				INFOPLIST_KEY_LSApplicationCategoryType = "public.app-category.developer-tools";
				"INFOPLIST_KEY_UIApplicationSceneManifest_Generation[sdk=iphoneos*]" = YES;
				"INFOPLIST_KEY_UIApplicationSceneManifest_Generation[sdk=iphonesimulator*]" = YES;
				"INFOPLIST_KEY_UIApplicationSupportsIndirectInputEvents[sdk=iphoneos*]" = YES;
				"INFOPLIST_KEY_UIApplicationSupportsIndirectInputEvents[sdk=iphonesimulator*]" = YES;
				"INFOPLIST_KEY_UILaunchScreen_Generation[sdk=iphoneos*]" = YES;
				"INFOPLIST_KEY_UILaunchScreen_Generation[sdk=iphonesimulator*]" = YES;
				"INFOPLIST_KEY_UIStatusBarStyle[sdk=iphoneos*]" = UIStatusBarStyleDefault;
				"INFOPLIST_KEY_UIStatusBarStyle[sdk=iphonesimulator*]" = UIStatusBarStyleDefault;
				INFOPLIST_KEY_UISupportedInterfaceOrientations_iPad = "UIInterfaceOrientationPortrait UIInterfaceOrientationPortraitUpsideDown UIInterfaceOrientationLandscapeLeft UIInterfaceOrientationLandscapeRight";
				INFOPLIST_KEY_UISupportedInterfaceOrientations_iPhone = "UIInterfaceOrientationPortrait UIInterfaceOrientationLandscapeLeft UIInterfaceOrientationLandscapeRight";
				IPHONEOS_DEPLOYMENT_TARGET = 17.2;
				LD_RUNPATH_SEARCH_PATHS = "@executable_path/Frameworks";
				"LD_RUNPATH_SEARCH_PATHS[sdk=macosx*]" = "@executable_path/../Frameworks";
				MACOSX_DEPLOYMENT_TARGET = 12.0;
				MARKETING_VERSION = 1.0.3;
				PRODUCT_BUNDLE_IDENTIFIER = com.pan93.XcStringMergerUI;
				PRODUCT_NAME = "String Catalog Merger";
				SDKROOT = auto;
				SUPPORTED_PLATFORMS = macosx;
				SUPPORTS_MACCATALYST = NO;
				SWIFT_EMIT_LOC_STRINGS = YES;
				SWIFT_VERSION = 5.0;
			};
			name = Debug;
		};
		FFDABFD72B81222400E61DCB /* Release */ = {
			isa = XCBuildConfiguration;
			buildSettings = {
				ASSETCATALOG_COMPILER_APPICON_NAME = AppIcon;
				ASSETCATALOG_COMPILER_GLOBAL_ACCENT_COLOR_NAME = AccentColor;
				CODE_SIGN_ENTITLEMENTS = XcStringMergerUI/XcStringMergerUI.entitlements;
				CODE_SIGN_STYLE = Automatic;
				CURRENT_PROJECT_VERSION = 1;
				DEVELOPMENT_ASSET_PATHS = "\"XcStringMergerUI/Preview Content\"";
				DEVELOPMENT_TEAM = "";
				ENABLE_HARDENED_RUNTIME = YES;
				ENABLE_PREVIEWS = YES;
				GENERATE_INFOPLIST_FILE = YES;
				INFOPLIST_FILE = XcStringMergerUI/Info.plist;
				INFOPLIST_KEY_LSApplicationCategoryType = "public.app-category.developer-tools";
				"INFOPLIST_KEY_UIApplicationSceneManifest_Generation[sdk=iphoneos*]" = YES;
				"INFOPLIST_KEY_UIApplicationSceneManifest_Generation[sdk=iphonesimulator*]" = YES;
				"INFOPLIST_KEY_UIApplicationSupportsIndirectInputEvents[sdk=iphoneos*]" = YES;
				"INFOPLIST_KEY_UIApplicationSupportsIndirectInputEvents[sdk=iphonesimulator*]" = YES;
				"INFOPLIST_KEY_UILaunchScreen_Generation[sdk=iphoneos*]" = YES;
				"INFOPLIST_KEY_UILaunchScreen_Generation[sdk=iphonesimulator*]" = YES;
				"INFOPLIST_KEY_UIStatusBarStyle[sdk=iphoneos*]" = UIStatusBarStyleDefault;
				"INFOPLIST_KEY_UIStatusBarStyle[sdk=iphonesimulator*]" = UIStatusBarStyleDefault;
				INFOPLIST_KEY_UISupportedInterfaceOrientations_iPad = "UIInterfaceOrientationPortrait UIInterfaceOrientationPortraitUpsideDown UIInterfaceOrientationLandscapeLeft UIInterfaceOrientationLandscapeRight";
				INFOPLIST_KEY_UISupportedInterfaceOrientations_iPhone = "UIInterfaceOrientationPortrait UIInterfaceOrientationLandscapeLeft UIInterfaceOrientationLandscapeRight";
				IPHONEOS_DEPLOYMENT_TARGET = 17.2;
				LD_RUNPATH_SEARCH_PATHS = "@executable_path/Frameworks";
				"LD_RUNPATH_SEARCH_PATHS[sdk=macosx*]" = "@executable_path/../Frameworks";
				MACOSX_DEPLOYMENT_TARGET = 12.0;
				MARKETING_VERSION = 1.0.3;
				PRODUCT_BUNDLE_IDENTIFIER = com.pan93.XcStringMergerUI;
				PRODUCT_NAME = "String Catalog Merger";
				SDKROOT = auto;
				SUPPORTED_PLATFORMS = macosx;
				SUPPORTS_MACCATALYST = NO;
				SWIFT_EMIT_LOC_STRINGS = YES;
				SWIFT_VERSION = 5.0;
			};
			name = Release;
		};
/* End XCBuildConfiguration section */

/* Begin XCConfigurationList section */
		FFDABFC12B81222100E61DCB /* Build configuration list for PBXProject "XcStringMergerUI" */ = {
			isa = XCConfigurationList;
			buildConfigurations = (
				FFDABFD32B81222400E61DCB /* Debug */,
				FFDABFD42B81222400E61DCB /* Release */,
			);
			defaultConfigurationIsVisible = 0;
			defaultConfigurationName = Release;
		};
		FFDABFD52B81222400E61DCB /* Build configuration list for PBXNativeTarget "XcStringMergerUI" */ = {
			isa = XCConfigurationList;
			buildConfigurations = (
				FFDABFD62B81222400E61DCB /* Debug */,
				FFDABFD72B81222400E61DCB /* Release */,
			);
			defaultConfigurationIsVisible = 0;
			defaultConfigurationName = Release;
		};
/* End XCConfigurationList section */

/* Begin XCLocalSwiftPackageReference section */
		FFDABFDA2B81227400E61DCB /* XCLocalSwiftPackageReference "../XcStringMerger" */ = {
			isa = XCLocalSwiftPackageReference;
			relativePath = ../XcStringMerger;
		};
/* End XCLocalSwiftPackageReference section */

/* Begin XCRemoteSwiftPackageReference section */
		FFDABFDF2B81282B00E61DCB /* XCRemoteSwiftPackageReference "SwiftUI-Introspect" */ = {
			isa = XCRemoteSwiftPackageReference;
			repositoryURL = "https://github.com/siteline/SwiftUI-Introspect.git";
			requirement = {
				kind = upToNextMajorVersion;
				minimumVersion = 1.1.2;
			};
		};
/* End XCRemoteSwiftPackageReference section */

/* Begin XCSwiftPackageProductDependency section */
		FFDABFDD2B8122B100E61DCB /* XcStringMerger */ = {
			isa = XCSwiftPackageProductDependency;
			productName = XcStringMerger;
		};
		FFDABFE02B81282B00E61DCB /* SwiftUIIntrospect */ = {
			isa = XCSwiftPackageProductDependency;
			package = FFDABFDF2B81282B00E61DCB /* XCRemoteSwiftPackageReference "SwiftUI-Introspect" */;
			productName = SwiftUIIntrospect;
		};
/* End XCSwiftPackageProductDependency section */
	};
	rootObject = FFDABFBE2B81222100E61DCB /* Project object */;
}
